
Microsoft Visual Studio Solution File, Format Version 12.00
# Visual Studio 2013
VisualStudioVersion = 12.0.30723.0
MinimumVisualStudioVersion = 10.0.40219.1
Project("{FAE04EC0-301F-11D3-BF4B-00C04F79EFBC}") = "NeoLua", "NeoLua\NeoLua.csproj", "{09AEBB35-719E-4E32-9836-F57D7D6F1607}"
EndProject
Project("{FAE04EC0-301F-11D3-BF4B-00C04F79EFBC}") = "NeoLua.Test", "NeoLua.Test\NeoLua.Test.csproj", "{A25A607C-AEFE-491A-A3D3-0C934DD53B3C}"
EndProject
Project("{FAE04EC0-301F-11D3-BF4B-00C04F79EFBC}") = "NeoCmd", "NeoCmd\NeoCmd.csproj", "{AFDB9919-9FED-45E9-8843-A731F822B98A}"
EndProject
Project("{FAE04EC0-301F-11D3-BF4B-00C04F79EFBC}") = "NeoSpeed", "NeoSpeed\NeoSpeed.csproj", "{B57F94E3-E256-4CE2-B907-FF8B0E0E2683}"
EndProject
Project("{FAE04EC0-301F-11D3-BF4B-00C04F79EFBC}") = "NeoLua.MSBuild", "NeoLua.MSBuild\NeoLua.MSBuild.csproj", "{B7A49C98-073D-498C-8FD8-69E0468DF6D5}"
EndProject
Project("{FAE04EC0-301F-11D3-BF4B-00C04F79EFBC}") = "NeoLua.Dbg", "NeoLua.Dbg\NeoLua.Dbg.csproj", "{64E0E32C-0BC4-413E-832E-1574506E4088}"
EndProject
Global
	GlobalSection(TeamFoundationVersionControl) = preSolution
		SccNumberOfProjects = 7
		SccEnterpriseProvider = {4CA58AB2-18FA-4F8D-95D4-32DDF27D184C}
		SccTeamFoundationServer = https://tfs.codeplex.com/tfs/tfs33
		SccLocalPath0 = .
		SccProjectUniqueName1 = NeoLua\\NeoLua.csproj
		SccProjectName1 = NeoLua
		SccLocalPath1 = NeoLua
		SccProjectUniqueName2 = NeoLua.Test\\NeoLua.Test.csproj
		SccProjectName2 = NeoLua.Test
		SccLocalPath2 = NeoLua.Test
		SccProjectUniqueName3 = NeoCmd\\NeoCmd.csproj
		SccProjectName3 = NeoCmd
		SccLocalPath3 = NeoCmd
		SccProjectUniqueName4 = NeoSpeed\\NeoSpeed.csproj
		SccProjectName4 = NeoSpeed
		SccLocalPath4 = NeoSpeed
		SccProjectUniqueName5 = NeoLua.MSBuild\\NeoLua.MSBuild.csproj
		SccProjectName5 = NeoLua.MSBuild
		SccLocalPath5 = NeoLua.MSBuild
		SccProjectUniqueName6 = NeoLua.Dbg\\NeoLua.Dbg.csproj
		SccProjectName6 = NeoLua.Dbg
		SccLocalPath6 = NeoLua.Dbg
	EndGlobalSection
	GlobalSection(SolutionConfigurationPlatforms) = preSolution
		Debug|Any CPU = Debug|Any CPU
		Release|Any CPU = Release|Any CPU
	EndGlobalSection
	GlobalSection(ProjectConfigurationPlatforms) = postSolution
		{09AEBB35-719E-4E32-9836-F57D7D6F1607}.Debug|Any CPU.ActiveCfg = Debug|Any CPU
		{09AEBB35-719E-4E32-9836-F57D7D6F1607}.Debug|Any CPU.Build.0 = Debug|Any CPU
		{09AEBB35-719E-4E32-9836-F57D7D6F1607}.Release|Any CPU.ActiveCfg = Release|Any CPU
		{09AEBB35-719E-4E32-9836-F57D7D6F1607}.Release|Any CPU.Build.0 = Release|Any CPU
		{A25A607C-AEFE-491A-A3D3-0C934DD53B3C}.Debug|Any CPU.ActiveCfg = Debug|Any CPU
		{A25A607C-AEFE-491A-A3D3-0C934DD53B3C}.Debug|Any CPU.Build.0 = Debug|Any CPU
		{A25A607C-AEFE-491A-A3D3-0C934DD53B3C}.Release|Any CPU.ActiveCfg = Release|Any CPU
		{A25A607C-AEFE-491A-A3D3-0C934DD53B3C}.Release|Any CPU.Build.0 = Release|Any CPU
		{AFDB9919-9FED-45E9-8843-A731F822B98A}.Debug|Any CPU.ActiveCfg = Debug|Any CPU
		{AFDB9919-9FED-45E9-8843-A731F822B98A}.Debug|Any CPU.Build.0 = Debug|Any CPU
		{AFDB9919-9FED-45E9-8843-A731F822B98A}.Release|Any CPU.ActiveCfg = Release|Any CPU
		{AFDB9919-9FED-45E9-8843-A731F822B98A}.Release|Any CPU.Build.0 = Release|Any CPU
		{B57F94E3-E256-4CE2-B907-FF8B0E0E2683}.Debug|Any CPU.ActiveCfg = Debug|Any CPU
		{B57F94E3-E256-4CE2-B907-FF8B0E0E2683}.Debug|Any CPU.Build.0 = Debug|Any CPU
		{B57F94E3-E256-4CE2-B907-FF8B0E0E2683}.Release|Any CPU.ActiveCfg = Release|Any CPU
		{B57F94E3-E256-4CE2-B907-FF8B0E0E2683}.Release|Any CPU.Build.0 = Release|Any CPU
		{B7A49C98-073D-498C-8FD8-69E0468DF6D5}.Debug|Any CPU.ActiveCfg = Debug|Any CPU
		{B7A49C98-073D-498C-8FD8-69E0468DF6D5}.Debug|Any CPU.Build.0 = Debug|Any CPU
		{B7A49C98-073D-498C-8FD8-69E0468DF6D5}.Release|Any CPU.ActiveCfg = Release|Any CPU
		{B7A49C98-073D-498C-8FD8-69E0468DF6D5}.Release|Any CPU.Build.0 = Release|Any CPU
		{64E0E32C-0BC4-413E-832E-1574506E4088}.Debug|Any CPU.ActiveCfg = Debug|Any CPU
		{64E0E32C-0BC4-413E-832E-1574506E4088}.Debug|Any CPU.Build.0 = Debug|Any CPU
		{64E0E32C-0BC4-413E-832E-1574506E4088}.Release|Any CPU.ActiveCfg = Release|Any CPU
		{64E0E32C-0BC4-413E-832E-1574506E4088}.Release|Any CPU.Build.0 = Release|Any CPU
	EndGlobalSection
	GlobalSection(SolutionProperties) = preSolution
		HideSolutionNode = FALSE
	EndGlobalSection
EndGlobal
