
Microsoft Visual Studio Solution File, Format Version 12.00
# Visual Studio 2013
VisualStudioVersion = 12.0.31101.0
MinimumVisualStudioVersion = 10.0.40219.1
Project("{FAE04EC0-301F-11D3-BF4B-00C04F79EFBC}") = "NeoLua", "NeoLua\NeoLua.csproj", "{09AEBB35-719E-4E32-9836-F57D7D6F1607}"
EndProject
Project("{FAE04EC0-301F-11D3-BF4B-00C04F79EFBC}") = "NeoLua.Test", "NeoLua.Test\NeoLua.Test.csproj", "{A25A607C-AEFE-491A-A3D3-0C934DD53B3C}"
EndProject
Project("{FAE04EC0-301F-11D3-BF4B-00C04F79EFBC}") = "NeoCmd", "NeoCmd\NeoCmd.csproj", "{AFDB9919-9FED-45E9-8843-A731F822B98A}"
EndProject
Project("{FAE04EC0-301F-11D3-BF4B-00C04F79EFBC}") = "NeoSpeed", "NeoSpeed\NeoSpeed.csproj", "{B57F94E3-E256-4CE2-B907-FF8B0E0E2683}"
EndProject
Project("{FAE04EC0-301F-11D3-BF4B-00C04F79EFBC}") = "NeoLua.MSBuild", "NeoLua.MSBuild\NeoLua.MSBuild.csproj", "{B7A49C98-073D-498C-8FD8-69E0468DF6D5}"
EndProject
Project("{FAE04EC0-301F-11D3-BF4B-00C04F79EFBC}") = "NeoLua.Dbg", "NeoLua.Dbg\NeoLua.Dbg.csproj", "{64E0E32C-0BC4-413E-832E-1574506E4088}"
EndProject
Project("{FAE04EC0-301F-11D3-BF4B-00C04F79EFBC}") = "ExtTest", "ExtTest\ExtTest.csproj", "{AE970FAD-2DDB-4FE5-A1B3-8C5E318823D4}"
EndProject
Project("{2150E333-8FDC-42A3-9474-1A3956D46DE8}") = "Content", "Content", "{4195023D-91A3-4ADC-9171-A260AD774B50}"
	ProjectSection(SolutionItems) = preProject
		LICENSE.md = LICENSE.md
		README.md = README.md
	EndProjectSection
EndProject
Project("{2150E333-8FDC-42A3-9474-1A3956D46DE8}") = "imgs", "imgs", "{FC7C816D-687C-4972-9E8F-2B737FE89864}"
	ProjectSection(SolutionItems) = preProject
		doc\imgs\done.png = doc\imgs\done.png
		doc\imgs\Image.png = doc\imgs\Image.png
		doc\imgs\noco.png = doc\imgs\noco.png
		doc\imgs\noti.png = doc\imgs\noti.png
	EndProjectSection
EndProject
Project("{2150E333-8FDC-42A3-9474-1A3956D46DE8}") = "doc", "doc", "{DE128F74-1BFF-4289-A592-5F71497B0CC5}"
	ProjectSection(SolutionItems) = preProject
		doc\02_basics.md = doc\02_basics.md
		doc\03_language.md = doc\03_language.md
		doc\04_01_start.md = doc\04_01_start.md
		doc\04_02_engine.md = doc\04_02_engine.md
		doc\04_03_chunk.md = doc\04_03_chunk.md
		doc\04_04_table.md = doc\04_04_table.md
		doc\05_01_clr.md = doc\05_01_clr.md
		doc\05_02_extent.md = doc\05_02_extent.md
		doc\05_03_debug.md = doc\05_03_debug.md
		doc\06_std.md = doc\06_std.md
		doc\07_neocmd.md = doc\07_neocmd.md
	EndProjectSection
EndProject
Project("{FAE04EC0-301F-11D3-BF4B-00C04F79EFBC}") = "NeoLuaD", "NeoLuaD\NeoLuaD.csproj", "{2FB491E8-65AF-4C0D-A13E-4AF73419AE0C}"
EndProject
Project("{FAE04EC0-301F-11D3-BF4B-00C04F79EFBC}") = "WindowsStoreTest", "WindowsStoreTest\WindowsStoreTest.csproj", "{A7952D0F-64C3-4498-8920-14DD4FDD6A64}"
EndProject
Global
	GlobalSection(SolutionConfigurationPlatforms) = preSolution
		Debug|Any CPU = Debug|Any CPU
		Debug|ARM = Debug|ARM
		Debug|x64 = Debug|x64
		Debug|x86 = Debug|x86
		Release|Any CPU = Release|Any CPU
		Release|ARM = Release|ARM
		Release|x64 = Release|x64
		Release|x86 = Release|x86
	EndGlobalSection
	GlobalSection(ProjectConfigurationPlatforms) = postSolution
		{09AEBB35-719E-4E32-9836-F57D7D6F1607}.Debug|Any CPU.ActiveCfg = Debug|Any CPU
		{09AEBB35-719E-4E32-9836-F57D7D6F1607}.Debug|Any CPU.Build.0 = Debug|Any CPU
		{09AEBB35-719E-4E32-9836-F57D7D6F1607}.Debug|ARM.ActiveCfg = Debug|Any CPU
		{09AEBB35-719E-4E32-9836-F57D7D6F1607}.Debug|x64.ActiveCfg = Debug|Any CPU
		{09AEBB35-719E-4E32-9836-F57D7D6F1607}.Debug|x86.ActiveCfg = Debug|Any CPU
		{09AEBB35-719E-4E32-9836-F57D7D6F1607}.Release|Any CPU.ActiveCfg = Release|Any CPU
		{09AEBB35-719E-4E32-9836-F57D7D6F1607}.Release|Any CPU.Build.0 = Release|Any CPU
		{09AEBB35-719E-4E32-9836-F57D7D6F1607}.Release|ARM.ActiveCfg = Release|Any CPU
		{09AEBB35-719E-4E32-9836-F57D7D6F1607}.Release|x64.ActiveCfg = Release|Any CPU
		{09AEBB35-719E-4E32-9836-F57D7D6F1607}.Release|x86.ActiveCfg = Release|Any CPU
		{A25A607C-AEFE-491A-A3D3-0C934DD53B3C}.Debug|Any CPU.ActiveCfg = Debug|Any CPU
		{A25A607C-AEFE-491A-A3D3-0C934DD53B3C}.Debug|Any CPU.Build.0 = Debug|Any CPU
		{A25A607C-AEFE-491A-A3D3-0C934DD53B3C}.Debug|ARM.ActiveCfg = Debug|Any CPU
		{A25A607C-AEFE-491A-A3D3-0C934DD53B3C}.Debug|x64.ActiveCfg = Debug|Any CPU
		{A25A607C-AEFE-491A-A3D3-0C934DD53B3C}.Debug|x86.ActiveCfg = Debug|Any CPU
		{A25A607C-AEFE-491A-A3D3-0C934DD53B3C}.Release|Any CPU.ActiveCfg = Release|Any CPU
		{A25A607C-AEFE-491A-A3D3-0C934DD53B3C}.Release|Any CPU.Build.0 = Release|Any CPU
		{A25A607C-AEFE-491A-A3D3-0C934DD53B3C}.Release|ARM.ActiveCfg = Release|Any CPU
		{A25A607C-AEFE-491A-A3D3-0C934DD53B3C}.Release|x64.ActiveCfg = Release|Any CPU
		{A25A607C-AEFE-491A-A3D3-0C934DD53B3C}.Release|x86.ActiveCfg = Release|Any CPU
		{AFDB9919-9FED-45E9-8843-A731F822B98A}.Debug|Any CPU.ActiveCfg = Debug|Any CPU
		{AFDB9919-9FED-45E9-8843-A731F822B98A}.Debug|Any CPU.Build.0 = Debug|Any CPU
		{AFDB9919-9FED-45E9-8843-A731F822B98A}.Debug|ARM.ActiveCfg = Debug|Any CPU
		{AFDB9919-9FED-45E9-8843-A731F822B98A}.Debug|x64.ActiveCfg = Debug|Any CPU
		{AFDB9919-9FED-45E9-8843-A731F822B98A}.Debug|x86.ActiveCfg = Debug|Any CPU
		{AFDB9919-9FED-45E9-8843-A731F822B98A}.Release|Any CPU.ActiveCfg = Release|Any CPU
		{AFDB9919-9FED-45E9-8843-A731F822B98A}.Release|Any CPU.Build.0 = Release|Any CPU
		{AFDB9919-9FED-45E9-8843-A731F822B98A}.Release|ARM.ActiveCfg = Release|Any CPU
		{AFDB9919-9FED-45E9-8843-A731F822B98A}.Release|x64.ActiveCfg = Release|Any CPU
		{AFDB9919-9FED-45E9-8843-A731F822B98A}.Release|x86.ActiveCfg = Release|Any CPU
		{B57F94E3-E256-4CE2-B907-FF8B0E0E2683}.Debug|Any CPU.ActiveCfg = Debug|Any CPU
		{B57F94E3-E256-4CE2-B907-FF8B0E0E2683}.Debug|Any CPU.Build.0 = Debug|Any CPU
		{B57F94E3-E256-4CE2-B907-FF8B0E0E2683}.Debug|ARM.ActiveCfg = Debug|Any CPU
		{B57F94E3-E256-4CE2-B907-FF8B0E0E2683}.Debug|x64.ActiveCfg = Debug|Any CPU
		{B57F94E3-E256-4CE2-B907-FF8B0E0E2683}.Debug|x86.ActiveCfg = Debug|Any CPU
		{B57F94E3-E256-4CE2-B907-FF8B0E0E2683}.Release|Any CPU.ActiveCfg = Release|Any CPU
		{B57F94E3-E256-4CE2-B907-FF8B0E0E2683}.Release|Any CPU.Build.0 = Release|Any CPU
		{B57F94E3-E256-4CE2-B907-FF8B0E0E2683}.Release|ARM.ActiveCfg = Release|Any CPU
		{B57F94E3-E256-4CE2-B907-FF8B0E0E2683}.Release|x64.ActiveCfg = Release|Any CPU
		{B57F94E3-E256-4CE2-B907-FF8B0E0E2683}.Release|x86.ActiveCfg = Release|Any CPU
		{B7A49C98-073D-498C-8FD8-69E0468DF6D5}.Debug|Any CPU.ActiveCfg = Debug|Any CPU
		{B7A49C98-073D-498C-8FD8-69E0468DF6D5}.Debug|Any CPU.Build.0 = Debug|Any CPU
		{B7A49C98-073D-498C-8FD8-69E0468DF6D5}.Debug|ARM.ActiveCfg = Debug|Any CPU
		{B7A49C98-073D-498C-8FD8-69E0468DF6D5}.Debug|x64.ActiveCfg = Debug|Any CPU
		{B7A49C98-073D-498C-8FD8-69E0468DF6D5}.Debug|x86.ActiveCfg = Debug|Any CPU
		{B7A49C98-073D-498C-8FD8-69E0468DF6D5}.Release|Any CPU.ActiveCfg = Release|Any CPU
		{B7A49C98-073D-498C-8FD8-69E0468DF6D5}.Release|Any CPU.Build.0 = Release|Any CPU
		{B7A49C98-073D-498C-8FD8-69E0468DF6D5}.Release|ARM.ActiveCfg = Release|Any CPU
		{B7A49C98-073D-498C-8FD8-69E0468DF6D5}.Release|x64.ActiveCfg = Release|Any CPU
		{B7A49C98-073D-498C-8FD8-69E0468DF6D5}.Release|x86.ActiveCfg = Release|Any CPU
		{64E0E32C-0BC4-413E-832E-1574506E4088}.Debug|Any CPU.ActiveCfg = Debug|Any CPU
		{64E0E32C-0BC4-413E-832E-1574506E4088}.Debug|Any CPU.Build.0 = Debug|Any CPU
		{64E0E32C-0BC4-413E-832E-1574506E4088}.Debug|ARM.ActiveCfg = Debug|Any CPU
		{64E0E32C-0BC4-413E-832E-1574506E4088}.Debug|x64.ActiveCfg = Debug|Any CPU
		{64E0E32C-0BC4-413E-832E-1574506E4088}.Debug|x86.ActiveCfg = Debug|Any CPU
		{64E0E32C-0BC4-413E-832E-1574506E4088}.Release|Any CPU.ActiveCfg = Release|Any CPU
		{64E0E32C-0BC4-413E-832E-1574506E4088}.Release|Any CPU.Build.0 = Release|Any CPU
		{64E0E32C-0BC4-413E-832E-1574506E4088}.Release|ARM.ActiveCfg = Release|Any CPU
		{64E0E32C-0BC4-413E-832E-1574506E4088}.Release|x64.ActiveCfg = Release|Any CPU
		{64E0E32C-0BC4-413E-832E-1574506E4088}.Release|x86.ActiveCfg = Release|Any CPU
		{AE970FAD-2DDB-4FE5-A1B3-8C5E318823D4}.Debug|Any CPU.ActiveCfg = Debug|Any CPU
		{AE970FAD-2DDB-4FE5-A1B3-8C5E318823D4}.Debug|Any CPU.Build.0 = Debug|Any CPU
		{AE970FAD-2DDB-4FE5-A1B3-8C5E318823D4}.Debug|ARM.ActiveCfg = Debug|Any CPU
		{AE970FAD-2DDB-4FE5-A1B3-8C5E318823D4}.Debug|x64.ActiveCfg = Debug|Any CPU
		{AE970FAD-2DDB-4FE5-A1B3-8C5E318823D4}.Debug|x86.ActiveCfg = Debug|Any CPU
		{AE970FAD-2DDB-4FE5-A1B3-8C5E318823D4}.Release|Any CPU.ActiveCfg = Release|Any CPU
		{AE970FAD-2DDB-4FE5-A1B3-8C5E318823D4}.Release|Any CPU.Build.0 = Release|Any CPU
		{AE970FAD-2DDB-4FE5-A1B3-8C5E318823D4}.Release|ARM.ActiveCfg = Release|Any CPU
		{AE970FAD-2DDB-4FE5-A1B3-8C5E318823D4}.Release|x64.ActiveCfg = Release|Any CPU
		{AE970FAD-2DDB-4FE5-A1B3-8C5E318823D4}.Release|x86.ActiveCfg = Release|Any CPU
		{2FB491E8-65AF-4C0D-A13E-4AF73419AE0C}.Debug|Any CPU.ActiveCfg = Debug|Any CPU
		{2FB491E8-65AF-4C0D-A13E-4AF73419AE0C}.Debug|Any CPU.Build.0 = Debug|Any CPU
		{2FB491E8-65AF-4C0D-A13E-4AF73419AE0C}.Debug|ARM.ActiveCfg = Debug|Any CPU
		{2FB491E8-65AF-4C0D-A13E-4AF73419AE0C}.Debug|x64.ActiveCfg = Debug|Any CPU
		{2FB491E8-65AF-4C0D-A13E-4AF73419AE0C}.Debug|x86.ActiveCfg = Debug|Any CPU
		{2FB491E8-65AF-4C0D-A13E-4AF73419AE0C}.Release|Any CPU.ActiveCfg = Release|Any CPU
		{2FB491E8-65AF-4C0D-A13E-4AF73419AE0C}.Release|Any CPU.Build.0 = Release|Any CPU
		{2FB491E8-65AF-4C0D-A13E-4AF73419AE0C}.Release|ARM.ActiveCfg = Release|Any CPU
		{2FB491E8-65AF-4C0D-A13E-4AF73419AE0C}.Release|x64.ActiveCfg = Release|Any CPU
		{2FB491E8-65AF-4C0D-A13E-4AF73419AE0C}.Release|x86.ActiveCfg = Release|Any CPU
		{A7952D0F-64C3-4498-8920-14DD4FDD6A64}.Debug|Any CPU.ActiveCfg = Debug|Any CPU
		{A7952D0F-64C3-4498-8920-14DD4FDD6A64}.Debug|Any CPU.Build.0 = Debug|Any CPU
		{A7952D0F-64C3-4498-8920-14DD4FDD6A64}.Debug|Any CPU.Deploy.0 = Debug|Any CPU
		{A7952D0F-64C3-4498-8920-14DD4FDD6A64}.Debug|ARM.ActiveCfg = Debug|ARM
		{A7952D0F-64C3-4498-8920-14DD4FDD6A64}.Debug|ARM.Build.0 = Debug|ARM
		{A7952D0F-64C3-4498-8920-14DD4FDD6A64}.Debug|ARM.Deploy.0 = Debug|ARM
		{A7952D0F-64C3-4498-8920-14DD4FDD6A64}.Debug|x64.ActiveCfg = Debug|x64
		{A7952D0F-64C3-4498-8920-14DD4FDD6A64}.Debug|x64.Build.0 = Debug|x64
		{A7952D0F-64C3-4498-8920-14DD4FDD6A64}.Debug|x64.Deploy.0 = Debug|x64
		{A7952D0F-64C3-4498-8920-14DD4FDD6A64}.Debug|x86.ActiveCfg = Debug|x86
		{A7952D0F-64C3-4498-8920-14DD4FDD6A64}.Debug|x86.Build.0 = Debug|x86
		{A7952D0F-64C3-4498-8920-14DD4FDD6A64}.Debug|x86.Deploy.0 = Debug|x86
		{A7952D0F-64C3-4498-8920-14DD4FDD6A64}.Release|Any CPU.ActiveCfg = Release|Any CPU
		{A7952D0F-64C3-4498-8920-14DD4FDD6A64}.Release|Any CPU.Build.0 = Release|Any CPU
		{A7952D0F-64C3-4498-8920-14DD4FDD6A64}.Release|Any CPU.Deploy.0 = Release|Any CPU
		{A7952D0F-64C3-4498-8920-14DD4FDD6A64}.Release|ARM.ActiveCfg = Release|ARM
		{A7952D0F-64C3-4498-8920-14DD4FDD6A64}.Release|ARM.Build.0 = Release|ARM
		{A7952D0F-64C3-4498-8920-14DD4FDD6A64}.Release|ARM.Deploy.0 = Release|ARM
		{A7952D0F-64C3-4498-8920-14DD4FDD6A64}.Release|x64.ActiveCfg = Release|x64
		{A7952D0F-64C3-4498-8920-14DD4FDD6A64}.Release|x64.Build.0 = Release|x64
		{A7952D0F-64C3-4498-8920-14DD4FDD6A64}.Release|x64.Deploy.0 = Release|x64
		{A7952D0F-64C3-4498-8920-14DD4FDD6A64}.Release|x86.ActiveCfg = Release|x86
		{A7952D0F-64C3-4498-8920-14DD4FDD6A64}.Release|x86.Build.0 = Release|x86
		{A7952D0F-64C3-4498-8920-14DD4FDD6A64}.Release|x86.Deploy.0 = Release|x86
	EndGlobalSection
	GlobalSection(SolutionProperties) = preSolution
		HideSolutionNode = FALSE
	EndGlobalSection
	GlobalSection(NestedProjects) = preSolution
		{FC7C816D-687C-4972-9E8F-2B737FE89864} = {DE128F74-1BFF-4289-A592-5F71497B0CC5}
		{DE128F74-1BFF-4289-A592-5F71497B0CC5} = {4195023D-91A3-4ADC-9171-A260AD774B50}
	EndGlobalSection
EndGlobal
